
Microsoft Visual Studio Solution File, Format Version 12.00
# Visual Studio Version 16
VisualStudioVersion = 16.0.30611.23
MinimumVisualStudioVersion = 10.0.40219.1
Project("{888888A0-9F3D-457C-B088-3A5042F75D52}") = "NapoleonIT-Shmelyov-R-A-2020", "NapoleonIT-Shmelyov-R-A-2020\NapoleonIT-Shmelyov-R-A-2020.pyproj", "{A828D3F7-9DBD-446A-80FC-BCB19B54012A}"
EndProject
Global
	GlobalSection(SolutionConfigurationPlatforms) = preSolution
		Debug|Any CPU = Debug|Any CPU
		Release|Any CPU = Release|Any CPU
	EndGlobalSection
	GlobalSection(ProjectConfigurationPlatforms) = postSolution
		{A828D3F7-9DBD-446A-80FC-BCB19B54012A}.Debug|Any CPU.ActiveCfg = Debug|Any CPU
		{A828D3F7-9DBD-446A-80FC-BCB19B54012A}.Release|Any CPU.ActiveCfg = Release|Any CPU
	EndGlobalSection
	GlobalSection(SolutionProperties) = preSolution
		HideSolutionNode = FALSE
	EndGlobalSection
	GlobalSection(ExtensibilityGlobals) = postSolution
		SolutionGuid = {336B113C-37DC-4917-BF8A-F8EC442CB4DA}
	EndGlobalSection
EndGlobal
